// !$*UTF8*$!
{
	archiveVersion = 1;
	classes = {
	};
	objectVersion = 46;
	objects = {

/* Begin PBXBuildFile section */
		C7523AC71E344F1700680283 /* main.m in Sources */ = {isa = PBXBuildFile; fileRef = C7523AC61E344F1700680283 /* main.m */; };
		C7523ACA1E344F1700680283 /* AppDelegate.m in Sources */ = {isa = PBXBuildFile; fileRef = C7523AC91E344F1700680283 /* AppDelegate.m */; };
		C7523ACD1E344F1700680283 /* ViewController.m in Sources */ = {isa = PBXBuildFile; fileRef = C7523ACC1E344F1700680283 /* ViewController.m */; };
		C7523AD01E344F1700680283 /* Main.storyboard in Resources */ = {isa = PBXBuildFile; fileRef = C7523ACE1E344F1700680283 /* Main.storyboard */; };
		C7523AD21E344F1700680283 /* Assets.xcassets in Resources */ = {isa = PBXBuildFile; fileRef = C7523AD11E344F1700680283 /* Assets.xcassets */; };
		C7523AD51E344F1700680283 /* LaunchScreen.storyboard in Resources */ = {isa = PBXBuildFile; fileRef = C7523AD31E344F1700680283 /* LaunchScreen.storyboard */; };
		C7523AE01E344F1700680283 /* iceluoToolTests.m in Sources */ = {isa = PBXBuildFile; fileRef = C7523ADF1E344F1700680283 /* iceluoToolTests.m */; };
		C7523AEB1E344F1700680283 /* iceluoToolUITests.m in Sources */ = {isa = PBXBuildFile; fileRef = C7523AEA1E344F1700680283 /* iceluoToolUITests.m */; };
/* End PBXBuildFile section */

/* Begin PBXContainerItemProxy section */
		C7523ADC1E344F1700680283 /* PBXContainerItemProxy */ = {
			isa = PBXContainerItemProxy;
			containerPortal = C7523ABA1E344F1700680283 /* Project object */;
			proxyType = 1;
			remoteGlobalIDString = C7523AC11E344F1700680283;
			remoteInfo = iceluoTool;
		};
		C7523AE71E344F1700680283 /* PBXContainerItemProxy */ = {
			isa = PBXContainerItemProxy;
			containerPortal = C7523ABA1E344F1700680283 /* Project object */;
			proxyType = 1;
			remoteGlobalIDString = C7523AC11E344F1700680283;
			remoteInfo = iceluoTool;
		};
/* End PBXContainerItemProxy section */

/* Begin PBXFileReference section */
		C7523AC21E344F1700680283 /* iceluoTool.app */ = {isa = PBXFileReference; explicitFileType = wrapper.application; includeInIndex = 0; path = iceluoTool.app; sourceTree = BUILT_PRODUCTS_DIR; };
		C7523AC61E344F1700680283 /* main.m */ = {isa = PBXFileReference; lastKnownFileType = sourcecode.c.objc; path = main.m; sourceTree = "<group>"; };
		C7523AC81E344F1700680283 /* AppDelegate.h */ = {isa = PBXFileReference; lastKnownFileType = sourcecode.c.h; path = AppDelegate.h; sourceTree = "<group>"; };
		C7523AC91E344F1700680283 /* AppDelegate.m */ = {isa = PBXFileReference; lastKnownFileType = sourcecode.c.objc; path = AppDelegate.m; sourceTree = "<group>"; };
		C7523ACB1E344F1700680283 /* ViewController.h */ = {isa = PBXFileReference; lastKnownFileType = sourcecode.c.h; path = ViewController.h; sourceTree = "<group>"; };
		C7523ACC1E344F1700680283 /* ViewController.m */ = {isa = PBXFileReference; lastKnownFileType = sourcecode.c.objc; path = ViewController.m; sourceTree = "<group>"; };
		C7523ACF1E344F1700680283 /* Base */ = {isa = PBXFileReference; lastKnownFileType = file.storyboard; name = Base; path = Base.lproj/Main.storyboard; sourceTree = "<group>"; };
		C7523AD11E344F1700680283 /* Assets.xcassets */ = {isa = PBXFileReference; lastKnownFileType = folder.assetcatalog; path = Assets.xcassets; sourceTree = "<group>"; };
		C7523AD41E344F1700680283 /* Base */ = {isa = PBXFileReference; lastKnownFileType = file.storyboard; name = Base; path = Base.lproj/LaunchScreen.storyboard; sourceTree = "<group>"; };
		C7523AD61E344F1700680283 /* Info.plist */ = {isa = PBXFileReference; lastKnownFileType = text.plist.xml; path = Info.plist; sourceTree = "<group>"; };
		C7523ADB1E344F1700680283 /* iceluoToolTests.xctest */ = {isa = PBXFileReference; explicitFileType = wrapper.cfbundle; includeInIndex = 0; path = iceluoToolTests.xctest; sourceTree = BUILT_PRODUCTS_DIR; };
		C7523ADF1E344F1700680283 /* iceluoToolTests.m */ = {isa = PBXFileReference; lastKnownFileType = sourcecode.c.objc; path = iceluoToolTests.m; sourceTree = "<group>"; };
		C7523AE11E344F1700680283 /* Info.plist */ = {isa = PBXFileReference; lastKnownFileType = text.plist.xml; path = Info.plist; sourceTree = "<group>"; };
		C7523AE61E344F1700680283 /* iceluoToolUITests.xctest */ = {isa = PBXFileReference; explicitFileType = wrapper.cfbundle; includeInIndex = 0; path = iceluoToolUITests.xctest; sourceTree = BUILT_PRODUCTS_DIR; };
		C7523AEA1E344F1700680283 /* iceluoToolUITests.m */ = {isa = PBXFileReference; lastKnownFileType = sourcecode.c.objc; path = iceluoToolUITests.m; sourceTree = "<group>"; };
		C7523AEC1E344F1700680283 /* Info.plist */ = {isa = PBXFileReference; lastKnownFileType = text.plist.xml; path = Info.plist; sourceTree = "<group>"; };
/* End PBXFileReference section */

/* Begin PBXFrameworksBuildPhase section */
		C7523ABF1E344F1700680283 /* Frameworks */ = {
			isa = PBXFrameworksBuildPhase;
			buildActionMask = 2147483647;
			files = (
			);
			runOnlyForDeploymentPostprocessing = 0;
		};
		C7523AD81E344F1700680283 /* Frameworks */ = {
			isa = PBXFrameworksBuildPhase;
			buildActionMask = 2147483647;
			files = (
			);
			runOnlyForDeploymentPostprocessing = 0;
		};
		C7523AE31E344F1700680283 /* Frameworks */ = {
			isa = PBXFrameworksBuildPhase;
			buildActionMask = 2147483647;
			files = (
			);
			runOnlyForDeploymentPostprocessing = 0;
		};
/* End PBXFrameworksBuildPhase section */

/* Begin PBXGroup section */
		C7523AB91E344F1700680283 = {
			isa = PBXGroup;
			children = (
				C7523AC41E344F1700680283 /* iceluoTool */,
				C7523ADE1E344F1700680283 /* iceluoToolTests */,
				C7523AE91E344F1700680283 /* iceluoToolUITests */,
				C7523AC31E344F1700680283 /* Products */,
			);
			sourceTree = "<group>";
		};
		C7523AC31E344F1700680283 /* Products */ = {
			isa = PBXGroup;
			children = (
				C7523AC21E344F1700680283 /* iceluoTool.app */,
				C7523ADB1E344F1700680283 /* iceluoToolTests.xctest */,
				C7523AE61E344F1700680283 /* iceluoToolUITests.xctest */,
			);
			name = Products;
			sourceTree = "<group>";
		};
		C7523AC41E344F1700680283 /* iceluoTool */ = {
			isa = PBXGroup;
			children = (
				C7523AC81E344F1700680283 /* AppDelegate.h */,
				C7523AC91E344F1700680283 /* AppDelegate.m */,
				C7523ACB1E344F1700680283 /* ViewController.h */,
				C7523ACC1E344F1700680283 /* ViewController.m */,
				C7523ACE1E344F1700680283 /* Main.storyboard */,
				C7523AD11E344F1700680283 /* Assets.xcassets */,
				C7523AD31E344F1700680283 /* LaunchScreen.storyboard */,
				C7523AD61E344F1700680283 /* Info.plist */,
				C7523AC51E344F1700680283 /* Supporting Files */,
			);
			path = iceluoTool;
			sourceTree = "<group>";
		};
		C7523AC51E344F1700680283 /* Supporting Files */ = {
			isa = PBXGroup;
			children = (
				C7523AC61E344F1700680283 /* main.m */,
			);
			name = "Supporting Files";
			sourceTree = "<group>";
		};
		C7523ADE1E344F1700680283 /* iceluoToolTests */ = {
			isa = PBXGroup;
			children = (
				C7523ADF1E344F1700680283 /* iceluoToolTests.m */,
				C7523AE11E344F1700680283 /* Info.plist */,
			);
			path = iceluoToolTests;
			sourceTree = "<group>";
		};
		C7523AE91E344F1700680283 /* iceluoToolUITests */ = {
			isa = PBXGroup;
			children = (
				C7523AEA1E344F1700680283 /* iceluoToolUITests.m */,
				C7523AEC1E344F1700680283 /* Info.plist */,
			);
			path = iceluoToolUITests;
			sourceTree = "<group>";
		};
/* End PBXGroup section */

/* Begin PBXNativeTarget section */
		C7523AC11E344F1700680283 /* iceluoTool */ = {
			isa = PBXNativeTarget;
			buildConfigurationList = C7523AEF1E344F1700680283 /* Build configuration list for PBXNativeTarget "iceluoTool" */;
			buildPhases = (
				C7523ABE1E344F1700680283 /* Sources */,
				C7523ABF1E344F1700680283 /* Frameworks */,
				C7523AC01E344F1700680283 /* Resources */,
			);
			buildRules = (
			);
			dependencies = (
			);
			name = iceluoTool;
			productName = iceluoTool;
			productReference = C7523AC21E344F1700680283 /* iceluoTool.app */;
			productType = "com.apple.product-type.application";
		};
		C7523ADA1E344F1700680283 /* iceluoToolTests */ = {
			isa = PBXNativeTarget;
			buildConfigurationList = C7523AF21E344F1700680283 /* Build configuration list for PBXNativeTarget "iceluoToolTests" */;
			buildPhases = (
				C7523AD71E344F1700680283 /* Sources */,
				C7523AD81E344F1700680283 /* Frameworks */,
				C7523AD91E344F1700680283 /* Resources */,
			);
			buildRules = (
			);
			dependencies = (
				C7523ADD1E344F1700680283 /* PBXTargetDependency */,
			);
			name = iceluoToolTests;
			productName = iceluoToolTests;
			productReference = C7523ADB1E344F1700680283 /* iceluoToolTests.xctest */;
			productType = "com.apple.product-type.bundle.unit-test";
		};
		C7523AE51E344F1700680283 /* iceluoToolUITests */ = {
			isa = PBXNativeTarget;
			buildConfigurationList = C7523AF51E344F1700680283 /* Build configuration list for PBXNativeTarget "iceluoToolUITests" */;
			buildPhases = (
				C7523AE21E344F1700680283 /* Sources */,
				C7523AE31E344F1700680283 /* Frameworks */,
				C7523AE41E344F1700680283 /* Resources */,
			);
			buildRules = (
			);
			dependencies = (
				C7523AE81E344F1700680283 /* PBXTargetDependency */,
			);
			name = iceluoToolUITests;
			productName = iceluoToolUITests;
			productReference = C7523AE61E344F1700680283 /* iceluoToolUITests.xctest */;
			productType = "com.apple.product-type.bundle.ui-testing";
		};
/* End PBXNativeTarget section */

/* Begin PBXProject section */
		C7523ABA1E344F1700680283 /* Project object */ = {
			isa = PBXProject;
			attributes = {
				LastUpgradeCheck = 0820;
				ORGANIZATIONNAME = "罗良";
				TargetAttributes = {
					C7523AC11E344F1700680283 = {
						CreatedOnToolsVersion = 8.2.1;
						ProvisioningStyle = Automatic;
					};
					C7523ADA1E344F1700680283 = {
						CreatedOnToolsVersion = 8.2.1;
						ProvisioningStyle = Automatic;
						TestTargetID = C7523AC11E344F1700680283;
					};
					C7523AE51E344F1700680283 = {
						CreatedOnToolsVersion = 8.2.1;
						ProvisioningStyle = Automatic;
						TestTargetID = C7523AC11E344F1700680283;
					};
				};
			};
			buildConfigurationList = C7523ABD1E344F1700680283 /* Build configuration list for PBXProject "iceluoTool" */;
			compatibilityVersion = "Xcode 3.2";
			developmentRegion = English;
			hasScannedForEncodings = 0;
			knownRegions = (
				en,
				Base,
			);
			mainGroup = C7523AB91E344F1700680283;
			productRefGroup = C7523AC31E344F1700680283 /* Products */;
			projectDirPath = "";
			projectRoot = "";
			targets = (
				C7523AC11E344F1700680283 /* iceluoTool */,
				C7523ADA1E344F1700680283 /* iceluoToolTests */,
				C7523AE51E344F1700680283 /* iceluoToolUITests */,
			);
		};
/* End PBXProject section */

/* Begin PBXResourcesBuildPhase section */
		C7523AC01E344F1700680283 /* Resources */ = {
			isa = PBXResourcesBuildPhase;
			buildActionMask = 2147483647;
			files = (
				C7523AD51E344F1700680283 /* LaunchScreen.storyboard in Resources */,
				C7523AD21E344F1700680283 /* Assets.xcassets in Resources */,
				C7523AD01E344F1700680283 /* Main.storyboard in Resources */,
			);
			runOnlyForDeploymentPostprocessing = 0;
		};
		C7523AD91E344F1700680283 /* Resources */ = {
			isa = PBXResourcesBuildPhase;
			buildActionMask = 2147483647;
			files = (
			);
			runOnlyForDeploymentPostprocessing = 0;
		};
		C7523AE41E344F1700680283 /* Resources */ = {
			isa = PBXResourcesBuildPhase;
			buildActionMask = 2147483647;
			files = (
			);
			runOnlyForDeploymentPostprocessing = 0;
		};
/* End PBXResourcesBuildPhase section */

/* Begin PBXSourcesBuildPhase section */
		C7523ABE1E344F1700680283 /* Sources */ = {
			isa = PBXSourcesBuildPhase;
			buildActionMask = 2147483647;
			files = (
				C7523ACD1E344F1700680283 /* ViewController.m in Sources */,
				C7523ACA1E344F1700680283 /* AppDelegate.m in Sources */,
				C7523AC71E344F1700680283 /* main.m in Sources */,
			);
			runOnlyForDeploymentPostprocessing = 0;
		};
		C7523AD71E344F1700680283 /* Sources */ = {
			isa = PBXSourcesBuildPhase;
			buildActionMask = 2147483647;
			files = (
				C7523AE01E344F1700680283 /* iceluoToolTests.m in Sources */,
			);
			runOnlyForDeploymentPostprocessing = 0;
		};
		C7523AE21E344F1700680283 /* Sources */ = {
			isa = PBXSourcesBuildPhase;
			buildActionMask = 2147483647;
			files = (
				C7523AEB1E344F1700680283 /* iceluoToolUITests.m in Sources */,
			);
			runOnlyForDeploymentPostprocessing = 0;
		};
/* End PBXSourcesBuildPhase section */

/* Begin PBXTargetDependency section */
		C7523ADD1E344F1700680283 /* PBXTargetDependency */ = {
			isa = PBXTargetDependency;
			target = C7523AC11E344F1700680283 /* iceluoTool */;
			targetProxy = C7523ADC1E344F1700680283 /* PBXContainerItemProxy */;
		};
		C7523AE81E344F1700680283 /* PBXTargetDependency */ = {
			isa = PBXTargetDependency;
			target = C7523AC11E344F1700680283 /* iceluoTool */;
			targetProxy = C7523AE71E344F1700680283 /* PBXContainerItemProxy */;
		};
/* End PBXTargetDependency section */

/* Begin PBXVariantGroup section */
		C7523ACE1E344F1700680283 /* Main.storyboard */ = {
			isa = PBXVariantGroup;
			children = (
				C7523ACF1E344F1700680283 /* Base */,
			);
			name = Main.storyboard;
			sourceTree = "<group>";
		};
		C7523AD31E344F1700680283 /* LaunchScreen.storyboard */ = {
			isa = PBXVariantGroup;
			children = (
				C7523AD41E344F1700680283 /* Base */,
			);
			name = LaunchScreen.storyboard;
			sourceTree = "<group>";
		};
/* End PBXVariantGroup section */

/* Begin XCBuildConfiguration section */
		C7523AED1E344F1700680283 /* Debug */ = {
			isa = XCBuildConfiguration;
			buildSettings = {
				ALWAYS_SEARCH_USER_PATHS = NO;
				CLANG_ANALYZER_NONNULL = YES;
				CLANG_CXX_LANGUAGE_STANDARD = "gnu++0x";
				CLANG_CXX_LIBRARY = "libc++";
				CLANG_ENABLE_MODULES = YES;
				CLANG_ENABLE_OBJC_ARC = YES;
				CLANG_WARN_BOOL_CONVERSION = YES;
				CLANG_WARN_CONSTANT_CONVERSION = YES;
				CLANG_WARN_DIRECT_OBJC_ISA_USAGE = YES_ERROR;
				CLANG_WARN_DOCUMENTATION_COMMENTS = YES;
				CLANG_WARN_EMPTY_BODY = YES;
				CLANG_WARN_ENUM_CONVERSION = YES;
				CLANG_WARN_INFINITE_RECURSION = YES;
				CLANG_WARN_INT_CONVERSION = YES;
				CLANG_WARN_OBJC_ROOT_CLASS = YES_ERROR;
				CLANG_WARN_SUSPICIOUS_MOVE = YES;
				CLANG_WARN_UNREACHABLE_CODE = YES;
				CLANG_WARN__DUPLICATE_METHOD_MATCH = YES;
				"CODE_SIGN_IDENTITY[sdk=iphoneos*]" = "iPhone Developer";
				COPY_PHASE_STRIP = NO;
				DEBUG_INFORMATION_FORMAT = dwarf;
				ENABLE_STRICT_OBJC_MSGSEND = YES;
				ENABLE_TESTABILITY = YES;
				GCC_C_LANGUAGE_STANDARD = gnu99;
				GCC_DYNAMIC_NO_PIC = NO;
				GCC_NO_COMMON_BLOCKS = YES;
				GCC_OPTIMIZATION_LEVEL = 0;
				GCC_PREPROCESSOR_DEFINITIONS = (
					"DEBUG=1",
					"$(inherited)",
				);
				GCC_WARN_64_TO_32_BIT_CONVERSION = YES;
				GCC_WARN_ABOUT_RETURN_TYPE = YES_ERROR;
				GCC_WARN_UNDECLARED_SELECTOR = YES;
				GCC_WARN_UNINITIALIZED_AUTOS = YES_AGGRESSIVE;
				GCC_WARN_UNUSED_FUNCTION = YES;
				GCC_WARN_UNUSED_VARIABLE = YES;
				IPHONEOS_DEPLOYMENT_TARGET = 10.2;
				MTL_ENABLE_DEBUG_INFO = YES;
				ONLY_ACTIVE_ARCH = YES;
				SDKROOT = iphoneos;
				TARGETED_DEVICE_FAMILY = "1,2";
			};
			name = Debug;
		};
		C7523AEE1E344F1700680283 /* Release */ = {
			isa = XCBuildConfiguration;
			buildSettings = {
				ALWAYS_SEARCH_USER_PATHS = NO;
				CLANG_ANALYZER_NONNULL = YES;
				CLANG_CXX_LANGUAGE_STANDARD = "gnu++0x";
				CLANG_CXX_LIBRARY = "libc++";
				CLANG_ENABLE_MODULES = YES;
				CLANG_ENABLE_OBJC_ARC = YES;
				CLANG_WARN_BOOL_CONVERSION = YES;
				CLANG_WARN_CONSTANT_CONVERSION = YES;
				CLANG_WARN_DIRECT_OBJC_ISA_USAGE = YES_ERROR;
				CLANG_WARN_DOCUMENTATION_COMMENTS = YES;
				CLANG_WARN_EMPTY_BODY = YES;
				CLANG_WARN_ENUM_CONVERSION = YES;
				CLANG_WARN_INFINITE_RECURSION = YES;
				CLANG_WARN_INT_CONVERSION = YES;
				CLANG_WARN_OBJC_ROOT_CLASS = YES_ERROR;
				CLANG_WARN_SUSPICIOUS_MOVE = YES;
				CLANG_WARN_UNREACHABLE_CODE = YES;
				CLANG_WARN__DUPLICATE_METHOD_MATCH = YES;
				"CODE_SIGN_IDENTITY[sdk=iphoneos*]" = "iPhone Developer";
				COPY_PHASE_STRIP = NO;
				DEBUG_INFORMATION_FORMAT = "dwarf-with-dsym";
				ENABLE_NS_ASSERTIONS = NO;
				ENABLE_STRICT_OBJC_MSGSEND = YES;
				GCC_C_LANGUAGE_STANDARD = gnu99;
				GCC_NO_COMMON_BLOCKS = YES;
				GCC_WARN_64_TO_32_BIT_CONVERSION = YES;
				GCC_WARN_ABOUT_RETURN_TYPE = YES_ERROR;
				GCC_WARN_UNDECLARED_SELECTOR = YES;
				GCC_WARN_UNINITIALIZED_AUTOS = YES_AGGRESSIVE;
				GCC_WARN_UNUSED_FUNCTION = YES;
				GCC_WARN_UNUSED_VARIABLE = YES;
				IPHONEOS_DEPLOYMENT_TARGET = 10.2;
				MTL_ENABLE_DEBUG_INFO = NO;
				SDKROOT = iphoneos;
				TARGETED_DEVICE_FAMILY = "1,2";
				VALIDATE_PRODUCT = YES;
			};
			name = Release;
		};
		C7523AF01E344F1700680283 /* Debug */ = {
			isa = XCBuildConfiguration;
			buildSettings = {
				ASSETCATALOG_COMPILER_APPICON_NAME = AppIcon;
				INFOPLIST_FILE = iceluoTool/Info.plist;
				LD_RUNPATH_SEARCH_PATHS = "$(inherited) @executable_path/Frameworks";
				PRODUCT_BUNDLE_IDENTIFIER = iceluo.iceluoTool;
				PRODUCT_NAME = "$(TARGET_NAME)";
			};
			name = Debug;
		};
		C7523AF11E344F1700680283 /* Release */ = {
			isa = XCBuildConfiguration;
			buildSettings = {
				ASSETCATALOG_COMPILER_APPICON_NAME = AppIcon;
				INFOPLIST_FILE = iceluoTool/Info.plist;
				LD_RUNPATH_SEARCH_PATHS = "$(inherited) @executable_path/Frameworks";
				PRODUCT_BUNDLE_IDENTIFIER = iceluo.iceluoTool;
				PRODUCT_NAME = "$(TARGET_NAME)";
			};
			name = Release;
		};
		C7523AF31E344F1700680283 /* Debug */ = {
			isa = XCBuildConfiguration;
			buildSettings = {
				BUNDLE_LOADER = "$(TEST_HOST)";
				INFOPLIST_FILE = iceluoToolTests/Info.plist;
				LD_RUNPATH_SEARCH_PATHS = "$(inherited) @executable_path/Frameworks @loader_path/Frameworks";
				PRODUCT_BUNDLE_IDENTIFIER = iceluo.iceluoToolTests;
				PRODUCT_NAME = "$(TARGET_NAME)";
				TEST_HOST = "$(BUILT_PRODUCTS_DIR)/iceluoTool.app/iceluoTool";
			};
			name = Debug;
		};
		C7523AF41E344F1700680283 /* Release */ = {
			isa = XCBuildConfiguration;
			buildSettings = {
				BUNDLE_LOADER = "$(TEST_HOST)";
				INFOPLIST_FILE = iceluoToolTests/Info.plist;
				LD_RUNPATH_SEARCH_PATHS = "$(inherited) @executable_path/Frameworks @loader_path/Frameworks";
				PRODUCT_BUNDLE_IDENTIFIER = iceluo.iceluoToolTests;
				PRODUCT_NAME = "$(TARGET_NAME)";
				TEST_HOST = "$(BUILT_PRODUCTS_DIR)/iceluoTool.app/iceluoTool";
			};
			name = Release;
		};
		C7523AF61E344F1700680283 /* Debug */ = {
			isa = XCBuildConfiguration;
			buildSettings = {
				INFOPLIST_FILE = iceluoToolUITests/Info.plist;
				LD_RUNPATH_SEARCH_PATHS = "$(inherited) @executable_path/Frameworks @loader_path/Frameworks";
				PRODUCT_BUNDLE_IDENTIFIER = iceluo.iceluoToolUITests;
				PRODUCT_NAME = "$(TARGET_NAME)";
				TEST_TARGET_NAME = iceluoTool;
			};
			name = Debug;
		};
		C7523AF71E344F1700680283 /* Release */ = {
			isa = XCBuildConfiguration;
			buildSettings = {
				INFOPLIST_FILE = iceluoToolUITests/Info.plist;
				LD_RUNPATH_SEARCH_PATHS = "$(inherited) @executable_path/Frameworks @loader_path/Frameworks";
				PRODUCT_BUNDLE_IDENTIFIER = iceluo.iceluoToolUITests;
				PRODUCT_NAME = "$(TARGET_NAME)";
				TEST_TARGET_NAME = iceluoTool;
			};
			name = Release;
		};
/* End XCBuildConfiguration section */

/* Begin XCConfigurationList section */
		C7523ABD1E344F1700680283 /* Build configuration list for PBXProject "iceluoTool" */ = {
			isa = XCConfigurationList;
			buildConfigurations = (
				C7523AED1E344F1700680283 /* Debug */,
				C7523AEE1E344F1700680283 /* Release */,
			);
			defaultConfigurationIsVisible = 0;
			defaultConfigurationName = Release;
		};
		C7523AEF1E344F1700680283 /* Build configuration list for PBXNativeTarget "iceluoTool" */ = {
			isa = XCConfigurationList;
			buildConfigurations = (
				C7523AF01E344F1700680283 /* Debug */,
				C7523AF11E344F1700680283 /* Release */,
			);
			defaultConfigurationIsVisible = 0;
		};
		C7523AF21E344F1700680283 /* Build configuration list for PBXNativeTarget "iceluoToolTests" */ = {
			isa = XCConfigurationList;
			buildConfigurations = (
				C7523AF31E344F1700680283 /* Debug */,
				C7523AF41E344F1700680283 /* Release */,
			);
			defaultConfigurationIsVisible = 0;
		};
		C7523AF51E344F1700680283 /* Build configuration list for PBXNativeTarget "iceluoToolUITests" */ = {
			isa = XCConfigurationList;
			buildConfigurations = (
				C7523AF61E344F1700680283 /* Debug */,
				C7523AF71E344F1700680283 /* Release */,
			);
			defaultConfigurationIsVisible = 0;
		};
/* End XCConfigurationList section */
	};
	rootObject = C7523ABA1E344F1700680283 /* Project object */;
}
